# This file is automatically @generated by Poetry 1.8.3 and should not be changed by hand.

[[package]]
name = "coolprop"
version = "6.6.0"
description = "Open-source thermodynamic and transport properties database"
optional = false
python-versions = "*"
files = [
    {file = "CoolProp-6.6.0-cp310-cp310-macosx_10_9_x86_64.whl", hash = "sha256:e628b334548f5eaf7d7508b673d3a1bcf61c8691c0d020057eb0c9f842e8b702"},
    {file = "CoolProp-6.6.0-cp310-cp310-macosx_11_0_arm64.whl", hash = "sha256:8245dd194a8f0946d03f6d0bd62e143c7cb3dbf0c10c49879a888cb275e8038f"},
    {file = "CoolProp-6.6.0-cp310-cp310-manylinux_2_17_aarch64.manylinux2014_aarch64.whl", hash = "sha256:f79733ae173f095670d94d7faf2ecbbea21da76775c803fc3332e0ed22e2ef66"},
    {file = "CoolProp-6.6.0-cp310-cp310-manylinux_2_17_x86_64.manylinux2014_x86_64.whl", hash = "sha256:18e401b2e7fa3fd03dcfdd3e2d8c782656d359031a51add7ebe4c5545a0b098a"},
    {file = "CoolProp-6.6.0-cp310-cp310-musllinux_1_1_aarch64.whl", hash = "sha256:d23642e904377984b6d6bacb428890bb89bd8a78a0496b8559b698ca2e001f23"},
    {file = "CoolProp-6.6.0-cp310-cp310-musllinux_1_1_x86_64.whl", hash = "sha256:d32580510054c4ba5c14d9dc0eeda77b5c0dc263b0cc153de7dff9b9de77e28b"},
    {file = "CoolProp-6.6.0-cp310-cp310-win32.whl", hash = "sha256:1febe6ebdb340635bf6c1bb58678fe7edb93c9698e605c3975e1c4749646ee34"},
    {file = "CoolProp-6.6.0-cp310-cp310-win_amd64.whl", hash = "sha256:0bb213ea8d9f509ae0d4c0009dffbda2f52f370eac3b4576c974188f1cd3ced1"},
    {file = "CoolProp-6.6.0-cp311-cp311-macosx_10_9_x86_64.whl", hash = "sha256:cfe23e785e27ac4d12e0b13708a8bdc087caee8133fa0840509efaaf1ad311ba"},
    {file = "CoolProp-6.6.0-cp311-cp311-macosx_11_0_arm64.whl", hash = "sha256:f374a948bc42babdf644f912958c79effa8ccc4f3f461a0f822715dcdf819c6b"},
    {file = "CoolProp-6.6.0-cp311-cp311-manylinux_2_17_aarch64.manylinux2014_aarch64.whl", hash = "sha256:3b43e70dfd9825a4de138ce76365978e24532711fb2f4781dacf2b92b96985ed"},
    {file = "CoolProp-6.6.0-cp311-cp311-manylinux_2_17_x86_64.manylinux2014_x86_64.whl", hash = "sha256:3c46edd2dad3b99402ad2bff227a53182e0aba954847cac12686e78abd37ae1d"},
    {file = "CoolProp-6.6.0-cp311-cp311-musllinux_1_1_aarch64.whl", hash = "sha256:b83370f50f85cf80ad6c010175b99d6ed7485e647ab70ca85772fecebdcfce86"},
    {file = "CoolProp-6.6.0-cp311-cp311-musllinux_1_1_x86_64.whl", hash = "sha256:9bf37b539640e787250075e9042590f89bf83a1859c62d1695d2269d95fe7cff"},
    {file = "CoolProp-6.6.0-cp311-cp311-win32.whl", hash = "sha256:7b72406779cb17b4197d8bfbb90601f60a5ebb44b8c0c5882e8353021163783a"},
    {file = "CoolProp-6.6.0-cp311-cp311-win_amd64.whl", hash = "sha256:b22c30a23603ce3df88a18a445fad14f93fd9757720f43d3b8041549e93c4b93"},
    {file = "CoolProp-6.6.0-cp312-cp312-macosx_10_9_x86_64.whl", hash = "sha256:2f738c22f4c81d7bc91567fe101502c5106cefc98a9afe884be72cf6908b3b7f"},
    {file = "CoolProp-6.6.0-cp312-cp312-macosx_11_0_arm64.whl", hash = "sha256:e2ef2de94f51ec8f095fe772cdb22593245feeb7df76d3616eb19c5da1d4ac7f"},
    {file = "CoolProp-6.6.0-cp312-cp312-manylinux_2_17_aarch64.manylinux2014_aarch64.whl", hash = "sha256:48f3de22cfbdb31e9a2f19aefb8074c25c57abba7ba6302eb331694e7bcc4b11"},
    {file = "CoolProp-6.6.0-cp312-cp312-manylinux_2_17_x86_64.manylinux2014_x86_64.whl", hash = "sha256:50f3339c3d590d2c86f9f2c055b9423001653344958000b8dcf7655710a5adee"},
    {file = "CoolProp-6.6.0-cp312-cp312-musllinux_1_1_aarch64.whl", hash = "sha256:c556df424dcf93ce2e4b41f1f52537b94050ddf595df67eb7a76a1dd0d92263e"},
    {file = "CoolProp-6.6.0-cp312-cp312-musllinux_1_1_x86_64.whl", hash = "sha256:75dd59ea068a6385977815b0572dd824f8cb932a97432737392e3aba11782210"},
    {file = "CoolProp-6.6.0-cp312-cp312-win32.whl", hash = "sha256:bfc5729c00376c00b33538d4685f4243ea43e69d618f2edd31729003a0fb1440"},
    {file = "CoolProp-6.6.0-cp312-cp312-win_amd64.whl", hash = "sha256:809a8572515009a42386ce7381f7d11fd5c785657637cb402f722edf266a6fb3"},
    {file = "CoolProp-6.6.0-cp36-cp36m-macosx_10_9_x86_64.whl", hash = "sha256:6c11811e6730dda4c69fc3765e57697ee9390d9266fc7d0e3a40bfc841783b6c"},
    {file = "CoolProp-6.6.0-cp36-cp36m-manylinux_2_17_aarch64.manylinux2014_aarch64.whl", hash = "sha256:addd2a7ae804e5bce85bdd3747fbea6c654fdb10b88212845b894c936a5162c9"},
    {file = "CoolProp-6.6.0-cp36-cp36m-manylinux_2_17_x86_64.manylinux2014_x86_64.whl", hash = "sha256:f90c573ea9ebaffd85613322e8d8e1574268a4e12eca685742afbf5487cf3e37"},
    {file = "CoolProp-6.6.0-cp36-cp36m-musllinux_1_1_aarch64.whl", hash = "sha256:483babcc2cf2b3ce7761b3e8639e49700ff73828270956937b4e99451ad04476"},
    {file = "CoolProp-6.6.0-cp36-cp36m-musllinux_1_1_x86_64.whl", hash = "sha256:936bc62c1b33d6322b1b589f824284552e5654abc2c86d91313a952fca378fc9"},
    {file = "CoolProp-6.6.0-cp36-cp36m-win32.whl", hash = "sha256:efd4ec19f566aee8b119b2f9c6c91969e131baef0e2315fb1d66bd4b56edc1d5"},
    {file = "CoolProp-6.6.0-cp36-cp36m-win_amd64.whl", hash = "sha256:19cf50201ec36037ef402749bf67bd47eb6f68809c61ce4259d6703898876355"},
    {file = "CoolProp-6.6.0-cp37-cp37m-macosx_10_9_x86_64.whl", hash = "sha256:60ff433382c801a8d473be57903adbd9957549adff189598ad65e8040626218b"},
    {file = "CoolProp-6.6.0-cp37-cp37m-manylinux_2_17_aarch64.manylinux2014_aarch64.whl", hash = "sha256:57b7e46d3d60962afe2deec068b042e4257e579b2a0d710202d2c2b2186eb2b3"},
    {file = "CoolProp-6.6.0-cp37-cp37m-manylinux_2_17_x86_64.manylinux2014_x86_64.whl", hash = "sha256:e1f4fe22c62fbc269d1aeee705a7dec23066a683b5615789020974504b76a520"},
    {file = "CoolProp-6.6.0-cp37-cp37m-musllinux_1_1_aarch64.whl", hash = "sha256:c80fec6127bf9e18174609a4f117ec591e47a04e87e31f271e7d6e2daa4a81b7"},
    {file = "CoolProp-6.6.0-cp37-cp37m-musllinux_1_1_x86_64.whl", hash = "sha256:e40acd6124d217881717fdd3218ef57d832cd010b22f40637d0f2330fdd0c330"},
    {file = "CoolProp-6.6.0-cp37-cp37m-win32.whl", hash = "sha256:8ba5530b8ca15d0715f86b397e0dc5b1dcc993bcc59175c5e54e27a9bbf4842e"},
    {file = "CoolProp-6.6.0-cp37-cp37m-win_amd64.whl", hash = "sha256:60ff22a0969dd6a163ef29fd62f62c72e00bfc80731f4c10b2c89e409a294de9"},
    {file = "CoolProp-6.6.0-cp38-cp38-macosx_10_9_x86_64.whl", hash = "sha256:7b79982edf62364a4c710ef6804a6b2946696bd95a789e2616dcee741a80f7b1"},
    {file = "CoolProp-6.6.0-cp38-cp38-macosx_11_0_arm64.whl", hash = "sha256:c9c081df57cda0e156e78c40fde9d83fd3f1aa262ed74dc70a2ea8fdb816ac70"},
    {file = "CoolProp-6.6.0-cp38-cp38-manylinux_2_17_aarch64.manylinux2014_aarch64.whl", hash = "sha256:15f781be1e761002e95d3de3ac7a02a8ed81adbaa9915ec9942a0575c2cde15d"},
    {file = "CoolProp-6.6.0-cp38-cp38-manylinux_2_17_x86_64.manylinux2014_x86_64.whl", hash = "sha256:25a1117d8229a8d612a3a9ca18a3d994bc2e134de52bf9efb05530219ae19339"},
    {file = "CoolProp-6.6.0-cp38-cp38-musllinux_1_1_aarch64.whl", hash = "sha256:fbe7d8ec427e30a0e95716a77406da4fd7d1299e84f00cca228fa2f7a5ae4ec6"},
    {file = "CoolProp-6.6.0-cp38-cp38-musllinux_1_1_x86_64.whl", hash = "sha256:96065c6c3f17b9b9eeec9620369ffab3047de747c2967db9598f20b56d0cdf2c"},
    {file = "CoolProp-6.6.0-cp38-cp38-win32.whl", hash = "sha256:d02d8ddf1e7af355a334323cc649a391b8c457993631665242d700875b6f7887"},
    {file = "CoolProp-6.6.0-cp38-cp38-win_amd64.whl", hash = "sha256:10b4fd508dc85e2045cf02f5a8ba55c6c5ac9d4ebefbe7940dbc33fe4b392127"},
    {file = "CoolProp-6.6.0-cp39-cp39-macosx_10_9_x86_64.whl", hash = "sha256:647102f943d449294e67a89c6f23cf8e59c3763880cc2c7642de21dca2c53631"},
    {file = "CoolProp-6.6.0-cp39-cp39-macosx_11_0_arm64.whl", hash = "sha256:b0df572addaf43679f986d76a3cdbe4d4cbd6f4ffe89f1d63be3bd8be38c9212"},
    {file = "CoolProp-6.6.0-cp39-cp39-manylinux_2_17_aarch64.manylinux2014_aarch64.whl", hash = "sha256:8c41db6c9172d0ae79e2b3b74aab0e63edeabab999c9dd6a3ca8a0df63f8bfc0"},
    {file = "CoolProp-6.6.0-cp39-cp39-manylinux_2_17_x86_64.manylinux2014_x86_64.whl", hash = "sha256:9a994a909a8950170e55a5dce831e2b7b5b6f7cb66a3b49f1afdb04e43b35f42"},
    {file = "CoolProp-6.6.0-cp39-cp39-musllinux_1_1_aarch64.whl", hash = "sha256:09437ff654af822caf8c904bb2882844a1d7ddffa19c9c9c4c3ef9e9a0f50be1"},
    {file = "CoolProp-6.6.0-cp39-cp39-musllinux_1_1_x86_64.whl", hash = "sha256:9aa70af252e973f8e1e87cd6ab41b94aa4d563906c57b41c170a9d3cae854797"},
    {file = "CoolProp-6.6.0-cp39-cp39-win32.whl", hash = "sha256:dff965f4e44d3af623a02c8bd55f9887daf21990a3f3f1f4bfc46e462106b9fd"},
    {file = "CoolProp-6.6.0-cp39-cp39-win_amd64.whl", hash = "sha256:bb0ace860286cf2f9346e98a07bc8fc4ca55cf17ee0b1972a5b72a8bfb2716ac"},
    {file = "CoolProp-6.6.0.tar.gz", hash = "sha256:cf6fad704b3ae00f4df309cfd1e2ee48d155886b569a73f2cc38a57eda463082"},
]

[metadata]
lock-version = "2.0"
python-versions = "^3.10"
content-hash = "ac0525364b3ec68d9f8fe784c1b5ed3ad8e1dc7f0c6f8a6e648644781880864e"
